// !$*UTF8*$!
{
	archiveVersion = 1;
	classes = {
	};
	objectVersion = 56;
	objects = {

/* Begin PBXBuildFile section */
		4CC6AE4D63A5CCEC11446673 /* Pods_dependency_injection_swift.framework in Frameworks */ = {isa = PBXBuildFile; fileRef = D483CDCE1AF1FD5D91EDB2E6 /* Pods_dependency_injection_swift.framework */; };
		8E47F4282B56EB13007B88AA /* HistoryPageAssembly.swift in Sources */ = {isa = PBXBuildFile; fileRef = 8E47F4272B56EB13007B88AA /* HistoryPageAssembly.swift */; };
		8E47F42A2B56EB1C007B88AA /* LandingPageAssembly.swift in Sources */ = {isa = PBXBuildFile; fileRef = 8E47F4292B56EB1C007B88AA /* LandingPageAssembly.swift */; };
		8E47F4492B57A386007B88AA /* CommonAssembler.swift in Sources */ = {isa = PBXBuildFile; fileRef = 8E47F4482B57A386007B88AA /* CommonAssembler.swift */; };
		8E47F44B2B57A5EC007B88AA /* BaseService.swift in Sources */ = {isa = PBXBuildFile; fileRef = 8E47F44A2B57A5EC007B88AA /* BaseService.swift */; };
		8E47F44D2B57A620007B88AA /* CustomError.swift in Sources */ = {isa = PBXBuildFile; fileRef = 8E47F44C2B57A620007B88AA /* CustomError.swift */; };
		8E47F44F2B57A66C007B88AA /* APIRequest.swift in Sources */ = {isa = PBXBuildFile; fileRef = 8E47F44E2B57A66C007B88AA /* APIRequest.swift */; };
		8E47F4532B57A736007B88AA /* LandingPageService.swift in Sources */ = {isa = PBXBuildFile; fileRef = 8E47F4522B57A736007B88AA /* LandingPageService.swift */; };
		8E47F4562B57AA74007B88AA /* NewsResponse.swift in Sources */ = {isa = PBXBuildFile; fileRef = 8E47F4552B57AA74007B88AA /* NewsResponse.swift */; };
		8E47F4592B57B6B4007B88AA /* NewsData.swift in Sources */ = {isa = PBXBuildFile; fileRef = 8E47F4582B57B6B4007B88AA /* NewsData.swift */; };
		8E47F45C2B57BD45007B88AA /* DictionaryExtension.swift in Sources */ = {isa = PBXBuildFile; fileRef = 8E47F45B2B57BD45007B88AA /* DictionaryExtension.swift */; };
		8E47F45F2B57CA8A007B88AA /* ArticleListCell.swift in Sources */ = {isa = PBXBuildFile; fileRef = 8E47F45E2B57CA8A007B88AA /* ArticleListCell.swift */; };
		8E47F4632B57D47C007B88AA /* UIImageExtension.swift in Sources */ = {isa = PBXBuildFile; fileRef = 8E47F4622B57D47C007B88AA /* UIImageExtension.swift */; };
		8E47F4652B582571007B88AA /* StringExtension.swift in Sources */ = {isa = PBXBuildFile; fileRef = 8E47F4642B582571007B88AA /* StringExtension.swift */; };
		8E47F4672B5828CD007B88AA /* TopArticleCell.swift in Sources */ = {isa = PBXBuildFile; fileRef = 8E47F4662B5828CD007B88AA /* TopArticleCell.swift */; };
		8E47F4692B582CFA007B88AA /* UIViewExtension.swift in Sources */ = {isa = PBXBuildFile; fileRef = 8E47F4682B582CFA007B88AA /* UIViewExtension.swift */; };
		8E7C0C6A2B56C61500192400 /* AppDelegate.swift in Sources */ = {isa = PBXBuildFile; fileRef = 8E7C0C692B56C61500192400 /* AppDelegate.swift */; };
		8E7C0C6C2B56C61500192400 /* SceneDelegate.swift in Sources */ = {isa = PBXBuildFile; fileRef = 8E7C0C6B2B56C61500192400 /* SceneDelegate.swift */; };
		8E7C0C732B56C61700192400 /* Assets.xcassets in Resources */ = {isa = PBXBuildFile; fileRef = 8E7C0C722B56C61700192400 /* Assets.xcassets */; };
		8E7C0C762B56C61700192400 /* LaunchScreen.storyboard in Resources */ = {isa = PBXBuildFile; fileRef = 8E7C0C742B56C61700192400 /* LaunchScreen.storyboard */; };
		8E7C0C832B56C7B200192400 /* Bridging.swift in Sources */ = {isa = PBXBuildFile; fileRef = 8E7C0C822B56C7B200192400 /* Bridging.swift */; };
		8E7C0C8A2B56C7BE00192400 /* LandingPageContract.swift in Sources */ = {isa = PBXBuildFile; fileRef = 8E7C0C842B56C7BE00192400 /* LandingPageContract.swift */; };
		8E7C0C8B2B56C7BE00192400 /* LandingPageModule.swift in Sources */ = {isa = PBXBuildFile; fileRef = 8E7C0C852B56C7BE00192400 /* LandingPageModule.swift */; };
		8E7C0C8C2B56C7BE00192400 /* LandingPagePresenter.swift in Sources */ = {isa = PBXBuildFile; fileRef = 8E7C0C862B56C7BE00192400 /* LandingPagePresenter.swift */; };
		8E7C0C8D2B56C7BE00192400 /* LandingPageRouter.swift in Sources */ = {isa = PBXBuildFile; fileRef = 8E7C0C872B56C7BE00192400 /* LandingPageRouter.swift */; };
		8E7C0C8E2B56C7BE00192400 /* LandingPageViewController.swift in Sources */ = {isa = PBXBuildFile; fileRef = 8E7C0C882B56C7BE00192400 /* LandingPageViewController.swift */; };
		8E7C0C8F2B56C7BE00192400 /* LandingPageInteractor.swift in Sources */ = {isa = PBXBuildFile; fileRef = 8E7C0C892B56C7BE00192400 /* LandingPageInteractor.swift */; };
		8E7C0C982B56C91900192400 /* AppRouter.swift in Sources */ = {isa = PBXBuildFile; fileRef = 8E7C0C972B56C91900192400 /* AppRouter.swift */; };
		8E7C0C9A2B56CF5F00192400 /* ProductRouter.swift in Sources */ = {isa = PBXBuildFile; fileRef = 8E7C0C992B56CF5F00192400 /* ProductRouter.swift */; };
		8E7C0C9C2B56D30000192400 /* ModuleFactory.swift in Sources */ = {isa = PBXBuildFile; fileRef = 8E7C0C9B2B56D30000192400 /* ModuleFactory.swift */; };
		8E7C0C9E2B56D56D00192400 /* BaseModule.swift in Sources */ = {isa = PBXBuildFile; fileRef = 8E7C0C9D2B56D56D00192400 /* BaseModule.swift */; };
		8E7C0CA12B56D78100192400 /* BasePage.swift in Sources */ = {isa = PBXBuildFile; fileRef = 8E7C0CA02B56D78100192400 /* BasePage.swift */; };
		8E7C0CA92B56DECD00192400 /* HistoryPageContract.swift in Sources */ = {isa = PBXBuildFile; fileRef = 8E7C0CA32B56DECD00192400 /* HistoryPageContract.swift */; };
		8E7C0CAA2B56DECD00192400 /* HistoryPageModule.swift in Sources */ = {isa = PBXBuildFile; fileRef = 8E7C0CA42B56DECD00192400 /* HistoryPageModule.swift */; };
		8E7C0CAB2B56DECD00192400 /* HistoryPagePresenter.swift in Sources */ = {isa = PBXBuildFile; fileRef = 8E7C0CA52B56DECD00192400 /* HistoryPagePresenter.swift */; };
		8E7C0CAC2B56DECD00192400 /* HistoryPageRouter.swift in Sources */ = {isa = PBXBuildFile; fileRef = 8E7C0CA62B56DECD00192400 /* HistoryPageRouter.swift */; };
		8E7C0CAD2B56DECD00192400 /* HistoryPageViewController.swift in Sources */ = {isa = PBXBuildFile; fileRef = 8E7C0CA72B56DECD00192400 /* HistoryPageViewController.swift */; };
		8E7C0CAE2B56DECD00192400 /* HistoryPageInteractor.swift in Sources */ = {isa = PBXBuildFile; fileRef = 8E7C0CA82B56DECD00192400 /* HistoryPageInteractor.swift */; };
/* End PBXBuildFile section */

/* Begin PBXFileReference section */
		5F25FF447685F9534617488E /* Pods-dependency-injection-swift.debug.xcconfig */ = {isa = PBXFileReference; includeInIndex = 1; lastKnownFileType = text.xcconfig; name = "Pods-dependency-injection-swift.debug.xcconfig"; path = "Target Support Files/Pods-dependency-injection-swift/Pods-dependency-injection-swift.debug.xcconfig"; sourceTree = "<group>"; };
		8E47F4272B56EB13007B88AA /* HistoryPageAssembly.swift */ = {isa = PBXFileReference; lastKnownFileType = sourcecode.swift; path = HistoryPageAssembly.swift; sourceTree = "<group>"; };
		8E47F4292B56EB1C007B88AA /* LandingPageAssembly.swift */ = {isa = PBXFileReference; lastKnownFileType = sourcecode.swift; path = LandingPageAssembly.swift; sourceTree = "<group>"; };
		8E47F4482B57A386007B88AA /* CommonAssembler.swift */ = {isa = PBXFileReference; lastKnownFileType = sourcecode.swift; path = CommonAssembler.swift; sourceTree = "<group>"; };
		8E47F44A2B57A5EC007B88AA /* BaseService.swift */ = {isa = PBXFileReference; lastKnownFileType = sourcecode.swift; path = BaseService.swift; sourceTree = "<group>"; };
		8E47F44C2B57A620007B88AA /* CustomError.swift */ = {isa = PBXFileReference; lastKnownFileType = sourcecode.swift; path = CustomError.swift; sourceTree = "<group>"; };
		8E47F44E2B57A66C007B88AA /* APIRequest.swift */ = {isa = PBXFileReference; lastKnownFileType = sourcecode.swift; path = APIRequest.swift; sourceTree = "<group>"; };
		8E47F4522B57A736007B88AA /* LandingPageService.swift */ = {isa = PBXFileReference; lastKnownFileType = sourcecode.swift; path = LandingPageService.swift; sourceTree = "<group>"; };
		8E47F4552B57AA74007B88AA /* NewsResponse.swift */ = {isa = PBXFileReference; lastKnownFileType = sourcecode.swift; path = NewsResponse.swift; sourceTree = "<group>"; };
		8E47F4582B57B6B4007B88AA /* NewsData.swift */ = {isa = PBXFileReference; lastKnownFileType = sourcecode.swift; path = NewsData.swift; sourceTree = "<group>"; };
		8E47F45B2B57BD45007B88AA /* DictionaryExtension.swift */ = {isa = PBXFileReference; lastKnownFileType = sourcecode.swift; path = DictionaryExtension.swift; sourceTree = "<group>"; };
		8E47F45E2B57CA8A007B88AA /* ArticleListCell.swift */ = {isa = PBXFileReference; lastKnownFileType = sourcecode.swift; path = ArticleListCell.swift; sourceTree = "<group>"; };
		8E47F4622B57D47C007B88AA /* UIImageExtension.swift */ = {isa = PBXFileReference; lastKnownFileType = sourcecode.swift; path = UIImageExtension.swift; sourceTree = "<group>"; };
		8E47F4642B582571007B88AA /* StringExtension.swift */ = {isa = PBXFileReference; lastKnownFileType = sourcecode.swift; path = StringExtension.swift; sourceTree = "<group>"; };
		8E47F4662B5828CD007B88AA /* TopArticleCell.swift */ = {isa = PBXFileReference; lastKnownFileType = sourcecode.swift; path = TopArticleCell.swift; sourceTree = "<group>"; };
		8E47F4682B582CFA007B88AA /* UIViewExtension.swift */ = {isa = PBXFileReference; lastKnownFileType = sourcecode.swift; path = UIViewExtension.swift; sourceTree = "<group>"; };
		8E7C0C662B56C61500192400 /* dependency-injection-swift.app */ = {isa = PBXFileReference; explicitFileType = wrapper.application; includeInIndex = 0; path = "dependency-injection-swift.app"; sourceTree = BUILT_PRODUCTS_DIR; };
		8E7C0C692B56C61500192400 /* AppDelegate.swift */ = {isa = PBXFileReference; lastKnownFileType = sourcecode.swift; path = AppDelegate.swift; sourceTree = "<group>"; };
		8E7C0C6B2B56C61500192400 /* SceneDelegate.swift */ = {isa = PBXFileReference; lastKnownFileType = sourcecode.swift; path = SceneDelegate.swift; sourceTree = "<group>"; };
		8E7C0C722B56C61700192400 /* Assets.xcassets */ = {isa = PBXFileReference; lastKnownFileType = folder.assetcatalog; path = Assets.xcassets; sourceTree = "<group>"; };
		8E7C0C752B56C61700192400 /* Base */ = {isa = PBXFileReference; lastKnownFileType = file.storyboard; name = Base; path = Base.lproj/LaunchScreen.storyboard; sourceTree = "<group>"; };
		8E7C0C772B56C61700192400 /* Info.plist */ = {isa = PBXFileReference; lastKnownFileType = text.plist.xml; path = Info.plist; sourceTree = "<group>"; };
		8E7C0C822B56C7B200192400 /* Bridging.swift */ = {isa = PBXFileReference; lastKnownFileType = sourcecode.swift; path = Bridging.swift; sourceTree = "<group>"; };
		8E7C0C842B56C7BE00192400 /* LandingPageContract.swift */ = {isa = PBXFileReference; lastKnownFileType = sourcecode.swift; path = LandingPageContract.swift; sourceTree = "<group>"; };
		8E7C0C852B56C7BE00192400 /* LandingPageModule.swift */ = {isa = PBXFileReference; lastKnownFileType = sourcecode.swift; path = LandingPageModule.swift; sourceTree = "<group>"; };
		8E7C0C862B56C7BE00192400 /* LandingPagePresenter.swift */ = {isa = PBXFileReference; lastKnownFileType = sourcecode.swift; path = LandingPagePresenter.swift; sourceTree = "<group>"; };
		8E7C0C872B56C7BE00192400 /* LandingPageRouter.swift */ = {isa = PBXFileReference; lastKnownFileType = sourcecode.swift; path = LandingPageRouter.swift; sourceTree = "<group>"; };
		8E7C0C882B56C7BE00192400 /* LandingPageViewController.swift */ = {isa = PBXFileReference; lastKnownFileType = sourcecode.swift; path = LandingPageViewController.swift; sourceTree = "<group>"; };
		8E7C0C892B56C7BE00192400 /* LandingPageInteractor.swift */ = {isa = PBXFileReference; lastKnownFileType = sourcecode.swift; path = LandingPageInteractor.swift; sourceTree = "<group>"; };
		8E7C0C972B56C91900192400 /* AppRouter.swift */ = {isa = PBXFileReference; lastKnownFileType = sourcecode.swift; path = AppRouter.swift; sourceTree = "<group>"; };
		8E7C0C992B56CF5F00192400 /* ProductRouter.swift */ = {isa = PBXFileReference; lastKnownFileType = sourcecode.swift; path = ProductRouter.swift; sourceTree = "<group>"; };
		8E7C0C9B2B56D30000192400 /* ModuleFactory.swift */ = {isa = PBXFileReference; lastKnownFileType = sourcecode.swift; path = ModuleFactory.swift; sourceTree = "<group>"; };
		8E7C0C9D2B56D56D00192400 /* BaseModule.swift */ = {isa = PBXFileReference; lastKnownFileType = sourcecode.swift; path = BaseModule.swift; sourceTree = "<group>"; };
		8E7C0CA02B56D78100192400 /* BasePage.swift */ = {isa = PBXFileReference; lastKnownFileType = sourcecode.swift; path = BasePage.swift; sourceTree = "<group>"; };
		8E7C0CA32B56DECD00192400 /* HistoryPageContract.swift */ = {isa = PBXFileReference; lastKnownFileType = sourcecode.swift; path = HistoryPageContract.swift; sourceTree = "<group>"; };
		8E7C0CA42B56DECD00192400 /* HistoryPageModule.swift */ = {isa = PBXFileReference; lastKnownFileType = sourcecode.swift; path = HistoryPageModule.swift; sourceTree = "<group>"; };
		8E7C0CA52B56DECD00192400 /* HistoryPagePresenter.swift */ = {isa = PBXFileReference; lastKnownFileType = sourcecode.swift; path = HistoryPagePresenter.swift; sourceTree = "<group>"; };
		8E7C0CA62B56DECD00192400 /* HistoryPageRouter.swift */ = {isa = PBXFileReference; lastKnownFileType = sourcecode.swift; path = HistoryPageRouter.swift; sourceTree = "<group>"; };
		8E7C0CA72B56DECD00192400 /* HistoryPageViewController.swift */ = {isa = PBXFileReference; lastKnownFileType = sourcecode.swift; path = HistoryPageViewController.swift; sourceTree = "<group>"; };
		8E7C0CA82B56DECD00192400 /* HistoryPageInteractor.swift */ = {isa = PBXFileReference; lastKnownFileType = sourcecode.swift; path = HistoryPageInteractor.swift; sourceTree = "<group>"; };
		ABB54EDC46BFF0F7859B3DD8 /* Pods-dependency-injection-swift.release.xcconfig */ = {isa = PBXFileReference; includeInIndex = 1; lastKnownFileType = text.xcconfig; name = "Pods-dependency-injection-swift.release.xcconfig"; path = "Target Support Files/Pods-dependency-injection-swift/Pods-dependency-injection-swift.release.xcconfig"; sourceTree = "<group>"; };
		D483CDCE1AF1FD5D91EDB2E6 /* Pods_dependency_injection_swift.framework */ = {isa = PBXFileReference; explicitFileType = wrapper.framework; includeInIndex = 0; path = Pods_dependency_injection_swift.framework; sourceTree = BUILT_PRODUCTS_DIR; };
/* End PBXFileReference section */

/* Begin PBXFrameworksBuildPhase section */
		8E7C0C632B56C61500192400 /* Frameworks */ = {
			isa = PBXFrameworksBuildPhase;
			buildActionMask = 2147483647;
			files = (
				4CC6AE4D63A5CCEC11446673 /* Pods_dependency_injection_swift.framework in Frameworks */,
			);
			runOnlyForDeploymentPostprocessing = 0;
		};
/* End PBXFrameworksBuildPhase section */

/* Begin PBXGroup section */
		475C0C101EF1E401AFBA229C /* Pods */ = {
			isa = PBXGroup;
			children = (
				5F25FF447685F9534617488E /* Pods-dependency-injection-swift.debug.xcconfig */,
				ABB54EDC46BFF0F7859B3DD8 /* Pods-dependency-injection-swift.release.xcconfig */,
			);
			path = Pods;
			sourceTree = "<group>";
		};
		8E47F4472B57A1EA007B88AA /* Service */ = {
			isa = PBXGroup;
			children = (
				8E47F44A2B57A5EC007B88AA /* BaseService.swift */,
			);
			path = Service;
			sourceTree = "<group>";
		};
		8E47F4502B57A67E007B88AA /* Models */ = {
			isa = PBXGroup;
			children = (
				8E47F4572B57B6A9007B88AA /* ViewModel */,
				8E47F4542B57AA69007B88AA /* Decodable */,
				8E47F4512B57A684007B88AA /* Network */,
			);
			path = Models;
			sourceTree = "<group>";
		};
		8E47F4512B57A684007B88AA /* Network */ = {
			isa = PBXGroup;
			children = (
				8E47F44C2B57A620007B88AA /* CustomError.swift */,
				8E47F44E2B57A66C007B88AA /* APIRequest.swift */,
			);
			path = Network;
			sourceTree = "<group>";
		};
		8E47F4542B57AA69007B88AA /* Decodable */ = {
			isa = PBXGroup;
			children = (
				8E47F4552B57AA74007B88AA /* NewsResponse.swift */,
			);
			path = Decodable;
			sourceTree = "<group>";
		};
		8E47F4572B57B6A9007B88AA /* ViewModel */ = {
			isa = PBXGroup;
			children = (
				8E47F4582B57B6B4007B88AA /* NewsData.swift */,
			);
			path = ViewModel;
			sourceTree = "<group>";
		};
		8E47F45A2B57BD31007B88AA /* Extension */ = {
			isa = PBXGroup;
			children = (
				8E47F45B2B57BD45007B88AA /* DictionaryExtension.swift */,
				8E47F4622B57D47C007B88AA /* UIImageExtension.swift */,
				8E47F4642B582571007B88AA /* StringExtension.swift */,
				8E47F4682B582CFA007B88AA /* UIViewExtension.swift */,
			);
			path = Extension;
			sourceTree = "<group>";
		};
		8E47F45D2B57CA75007B88AA /* Cell */ = {
			isa = PBXGroup;
			children = (
				8E47F45E2B57CA8A007B88AA /* ArticleListCell.swift */,
				8E47F4662B5828CD007B88AA /* TopArticleCell.swift */,
			);
			path = Cell;
			sourceTree = "<group>";
		};
		8E7C0C5D2B56C61500192400 = {
			isa = PBXGroup;
			children = (
				8E7C0C682B56C61500192400 /* dependency-injection-swift */,
				8E7C0C672B56C61500192400 /* Products */,
				475C0C101EF1E401AFBA229C /* Pods */,
				CC49D60CBED49D7BCAB92DA0 /* Frameworks */,
			);
			sourceTree = "<group>";
		};
		8E7C0C672B56C61500192400 /* Products */ = {
			isa = PBXGroup;
			children = (
				8E7C0C662B56C61500192400 /* dependency-injection-swift.app */,
			);
			name = Products;
			sourceTree = "<group>";
		};
		8E7C0C682B56C61500192400 /* dependency-injection-swift */ = {
			isa = PBXGroup;
			children = (
				8E7C0C7F2B56C76200192400 /* Classes */,
				8E7C0C722B56C61700192400 /* Assets.xcassets */,
				8E7C0C742B56C61700192400 /* LaunchScreen.storyboard */,
				8E7C0C772B56C61700192400 /* Info.plist */,
			);
			path = "dependency-injection-swift";
			sourceTree = "<group>";
		};
		8E7C0C7D2B56C74D00192400 /* Modules */ = {
			isa = PBXGroup;
			children = (
				8E7C0CA22B56DEB900192400 /* HistoryPage */,
				8E7C0C812B56C78500192400 /* LandingPage */,
			);
			path = Modules;
			sourceTree = "<group>";
		};
		8E7C0C7F2B56C76200192400 /* Classes */ = {
			isa = PBXGroup;
			children = (
				8E7C0C692B56C61500192400 /* AppDelegate.swift */,
				8E7C0C6B2B56C61500192400 /* SceneDelegate.swift */,
				8E7C0C802B56C76800192400 /* Common */,
				8E7C0C7D2B56C74D00192400 /* Modules */,
			);
			path = Classes;
			sourceTree = "<group>";
		};
		8E7C0C802B56C76800192400 /* Common */ = {
			isa = PBXGroup;
			children = (
				8E47F45A2B57BD31007B88AA /* Extension */,
				8E47F4502B57A67E007B88AA /* Models */,
				8E47F4472B57A1EA007B88AA /* Service */,
				8E7C0C9F2B56D77400192400 /* BasePage */,
				8E7C0C962B56C91200192400 /* Router */,
				8E7C0C822B56C7B200192400 /* Bridging.swift */,
			);
			path = Common;
			sourceTree = "<group>";
		};
		8E7C0C812B56C78500192400 /* LandingPage */ = {
			isa = PBXGroup;
			children = (
				8E47F45D2B57CA75007B88AA /* Cell */,
				8E7C0C842B56C7BE00192400 /* LandingPageContract.swift */,
				8E7C0C852B56C7BE00192400 /* LandingPageModule.swift */,
				8E7C0C862B56C7BE00192400 /* LandingPagePresenter.swift */,
				8E7C0C872B56C7BE00192400 /* LandingPageRouter.swift */,
				8E7C0C882B56C7BE00192400 /* LandingPageViewController.swift */,
				8E7C0C892B56C7BE00192400 /* LandingPageInteractor.swift */,
				8E47F4292B56EB1C007B88AA /* LandingPageAssembly.swift */,
				8E47F4522B57A736007B88AA /* LandingPageService.swift */,
			);
			path = LandingPage;
			sourceTree = "<group>";
		};
		8E7C0C962B56C91200192400 /* Router */ = {
			isa = PBXGroup;
			children = (
				8E7C0C972B56C91900192400 /* AppRouter.swift */,
				8E7C0C992B56CF5F00192400 /* ProductRouter.swift */,
				8E7C0C9B2B56D30000192400 /* ModuleFactory.swift */,
				8E7C0C9D2B56D56D00192400 /* BaseModule.swift */,
				8E47F4482B57A386007B88AA /* CommonAssembler.swift */,
			);
			path = Router;
			sourceTree = "<group>";
		};
		8E7C0C9F2B56D77400192400 /* BasePage */ = {
			isa = PBXGroup;
			children = (
				8E7C0CA02B56D78100192400 /* BasePage.swift */,
			);
			path = BasePage;
			sourceTree = "<group>";
		};
		8E7C0CA22B56DEB900192400 /* HistoryPage */ = {
			isa = PBXGroup;
			children = (
				8E7C0CA32B56DECD00192400 /* HistoryPageContract.swift */,
				8E7C0CA42B56DECD00192400 /* HistoryPageModule.swift */,
				8E7C0CA52B56DECD00192400 /* HistoryPagePresenter.swift */,
				8E7C0CA62B56DECD00192400 /* HistoryPageRouter.swift */,
				8E7C0CA72B56DECD00192400 /* HistoryPageViewController.swift */,
				8E7C0CA82B56DECD00192400 /* HistoryPageInteractor.swift */,
				8E47F4272B56EB13007B88AA /* HistoryPageAssembly.swift */,
			);
			path = HistoryPage;
			sourceTree = "<group>";
		};
		CC49D60CBED49D7BCAB92DA0 /* Frameworks */ = {
			isa = PBXGroup;
			children = (
				D483CDCE1AF1FD5D91EDB2E6 /* Pods_dependency_injection_swift.framework */,
			);
			name = Frameworks;
			sourceTree = "<group>";
		};
/* End PBXGroup section */

/* Begin PBXNativeTarget section */
		8E7C0C652B56C61500192400 /* dependency-injection-swift */ = {
			isa = PBXNativeTarget;
			buildConfigurationList = 8E7C0C7A2B56C61700192400 /* Build configuration list for PBXNativeTarget "dependency-injection-swift" */;
			buildPhases = (
				71EBCA9EE071816F605F3AE6 /* [CP] Check Pods Manifest.lock */,
				8E7C0C622B56C61500192400 /* Sources */,
				8E7C0C632B56C61500192400 /* Frameworks */,
				8E7C0C642B56C61500192400 /* Resources */,
				BF253B975841BC3A96389D8C /* [CP] Embed Pods Frameworks */,
			);
			buildRules = (
			);
			dependencies = (
			);
			name = "dependency-injection-swift";
			productName = "dependency-injection-swift";
			productReference = 8E7C0C662B56C61500192400 /* dependency-injection-swift.app */;
			productType = "com.apple.product-type.application";
		};
/* End PBXNativeTarget section */

/* Begin PBXProject section */
		8E7C0C5E2B56C61500192400 /* Project object */ = {
			isa = PBXProject;
			attributes = {
				BuildIndependentTargetsInParallel = 1;
				LastSwiftUpdateCheck = 1500;
				LastUpgradeCheck = 1500;
				TargetAttributes = {
					8E7C0C652B56C61500192400 = {
						CreatedOnToolsVersion = 15.0;
					};
				};
			};
			buildConfigurationList = 8E7C0C612B56C61500192400 /* Build configuration list for PBXProject "dependency-injection-swift" */;
			compatibilityVersion = "Xcode 14.0";
			developmentRegion = en;
			hasScannedForEncodings = 0;
			knownRegions = (
				en,
				Base,
			);
			mainGroup = 8E7C0C5D2B56C61500192400;
			productRefGroup = 8E7C0C672B56C61500192400 /* Products */;
			projectDirPath = "";
			projectRoot = "";
			targets = (
				8E7C0C652B56C61500192400 /* dependency-injection-swift */,
			);
		};
/* End PBXProject section */

/* Begin PBXResourcesBuildPhase section */
		8E7C0C642B56C61500192400 /* Resources */ = {
			isa = PBXResourcesBuildPhase;
			buildActionMask = 2147483647;
			files = (
				8E7C0C762B56C61700192400 /* LaunchScreen.storyboard in Resources */,
				8E7C0C732B56C61700192400 /* Assets.xcassets in Resources */,
			);
			runOnlyForDeploymentPostprocessing = 0;
		};
/* End PBXResourcesBuildPhase section */

/* Begin PBXShellScriptBuildPhase section */
		71EBCA9EE071816F605F3AE6 /* [CP] Check Pods Manifest.lock */ = {
			isa = PBXShellScriptBuildPhase;
			buildActionMask = 2147483647;
			files = (
			);
			inputFileListPaths = (
			);
			inputPaths = (
				"${PODS_PODFILE_DIR_PATH}/Podfile.lock",
				"${PODS_ROOT}/Manifest.lock",
			);
			name = "[CP] Check Pods Manifest.lock";
			outputFileListPaths = (
			);
			outputPaths = (
				"$(DERIVED_FILE_DIR)/Pods-dependency-injection-swift-checkManifestLockResult.txt",
			);
			runOnlyForDeploymentPostprocessing = 0;
			shellPath = /bin/sh;
			shellScript = "diff \"${PODS_PODFILE_DIR_PATH}/Podfile.lock\" \"${PODS_ROOT}/Manifest.lock\" > /dev/null\nif [ $? != 0 ] ; then\n    # print error to STDERR\n    echo \"error: The sandbox is not in sync with the Podfile.lock. Run 'pod install' or update your CocoaPods installation.\" >&2\n    exit 1\nfi\n# This output is used by Xcode 'outputs' to avoid re-running this script phase.\necho \"SUCCESS\" > \"${SCRIPT_OUTPUT_FILE_0}\"\n";
			showEnvVarsInLog = 0;
		};
		BF253B975841BC3A96389D8C /* [CP] Embed Pods Frameworks */ = {
			isa = PBXShellScriptBuildPhase;
			buildActionMask = 2147483647;
			files = (
			);
			inputFileListPaths = (
				"${PODS_ROOT}/Target Support Files/Pods-dependency-injection-swift/Pods-dependency-injection-swift-frameworks-${CONFIGURATION}-input-files.xcfilelist",
			);
			name = "[CP] Embed Pods Frameworks";
			outputFileListPaths = (
				"${PODS_ROOT}/Target Support Files/Pods-dependency-injection-swift/Pods-dependency-injection-swift-frameworks-${CONFIGURATION}-output-files.xcfilelist",
			);
			runOnlyForDeploymentPostprocessing = 0;
			shellPath = /bin/sh;
			shellScript = "\"${PODS_ROOT}/Target Support Files/Pods-dependency-injection-swift/Pods-dependency-injection-swift-frameworks.sh\"\n";
			showEnvVarsInLog = 0;
		};
/* End PBXShellScriptBuildPhase section */

/* Begin PBXSourcesBuildPhase section */
		8E7C0C622B56C61500192400 /* Sources */ = {
			isa = PBXSourcesBuildPhase;
			buildActionMask = 2147483647;
			files = (
				8E47F44D2B57A620007B88AA /* CustomError.swift in Sources */,
				8E7C0C8A2B56C7BE00192400 /* LandingPageContract.swift in Sources */,
				8E47F44F2B57A66C007B88AA /* APIRequest.swift in Sources */,
				8E7C0CA12B56D78100192400 /* BasePage.swift in Sources */,
				8E7C0C9E2B56D56D00192400 /* BaseModule.swift in Sources */,
				8E47F4492B57A386007B88AA /* CommonAssembler.swift in Sources */,
				8E7C0CA92B56DECD00192400 /* HistoryPageContract.swift in Sources */,
				8E47F42A2B56EB1C007B88AA /* LandingPageAssembly.swift in Sources */,
				8E7C0CAE2B56DECD00192400 /* HistoryPageInteractor.swift in Sources */,
				8E7C0C8B2B56C7BE00192400 /* LandingPageModule.swift in Sources */,
				8E47F4592B57B6B4007B88AA /* NewsData.swift in Sources */,
				8E47F44B2B57A5EC007B88AA /* BaseService.swift in Sources */,
				8E7C0CAD2B56DECD00192400 /* HistoryPageViewController.swift in Sources */,
				8E47F4532B57A736007B88AA /* LandingPageService.swift in Sources */,
				8E47F4672B5828CD007B88AA /* TopArticleCell.swift in Sources */,
				8E7C0C6A2B56C61500192400 /* AppDelegate.swift in Sources */,
				8E47F4632B57D47C007B88AA /* UIImageExtension.swift in Sources */,
				8E7C0C8E2B56C7BE00192400 /* LandingPageViewController.swift in Sources */,
				8E7C0CAB2B56DECD00192400 /* HistoryPagePresenter.swift in Sources */,
				8E7C0CAA2B56DECD00192400 /* HistoryPageModule.swift in Sources */,
				8E47F4282B56EB13007B88AA /* HistoryPageAssembly.swift in Sources */,
				8E47F4652B582571007B88AA /* StringExtension.swift in Sources */,
				8E7C0C9C2B56D30000192400 /* ModuleFactory.swift in Sources */,
				8E7C0C832B56C7B200192400 /* Bridging.swift in Sources */,
				8E7C0C8D2B56C7BE00192400 /* LandingPageRouter.swift in Sources */,
				8E47F4692B582CFA007B88AA /* UIViewExtension.swift in Sources */,
				8E47F4562B57AA74007B88AA /* NewsResponse.swift in Sources */,
				8E7C0C6C2B56C61500192400 /* SceneDelegate.swift in Sources */,
				8E7C0C9A2B56CF5F00192400 /* ProductRouter.swift in Sources */,
				8E7C0C982B56C91900192400 /* AppRouter.swift in Sources */,
				8E47F45F2B57CA8A007B88AA /* ArticleListCell.swift in Sources */,
				8E7C0C8C2B56C7BE00192400 /* LandingPagePresenter.swift in Sources */,
				8E47F45C2B57BD45007B88AA /* DictionaryExtension.swift in Sources */,
				8E7C0CAC2B56DECD00192400 /* HistoryPageRouter.swift in Sources */,
				8E7C0C8F2B56C7BE00192400 /* LandingPageInteractor.swift in Sources */,
			);
			runOnlyForDeploymentPostprocessing = 0;
		};
/* End PBXSourcesBuildPhase section */

/* Begin PBXVariantGroup section */
		8E7C0C742B56C61700192400 /* LaunchScreen.storyboard */ = {
			isa = PBXVariantGroup;
			children = (
				8E7C0C752B56C61700192400 /* Base */,
			);
			name = LaunchScreen.storyboard;
			sourceTree = "<group>";
		};
/* End PBXVariantGroup section */

/* Begin XCBuildConfiguration section */
		8E7C0C782B56C61700192400 /* Debug */ = {
			isa = XCBuildConfiguration;
			buildSettings = {
				ALWAYS_SEARCH_USER_PATHS = NO;
				ASSETCATALOG_COMPILER_GENERATE_SWIFT_ASSET_SYMBOL_EXTENSIONS = YES;
				CLANG_ANALYZER_NONNULL = YES;
				CLANG_ANALYZER_NUMBER_OBJECT_CONVERSION = YES_AGGRESSIVE;
				CLANG_CXX_LANGUAGE_STANDARD = "gnu++20";
				CLANG_ENABLE_MODULES = YES;
				CLANG_ENABLE_OBJC_ARC = YES;
				CLANG_ENABLE_OBJC_WEAK = YES;
				CLANG_WARN_BLOCK_CAPTURE_AUTORELEASING = YES;
				CLANG_WARN_BOOL_CONVERSION = YES;
				CLANG_WARN_COMMA = YES;
				CLANG_WARN_CONSTANT_CONVERSION = YES;
				CLANG_WARN_DEPRECATED_OBJC_IMPLEMENTATIONS = YES;
				CLANG_WARN_DIRECT_OBJC_ISA_USAGE = YES_ERROR;
				CLANG_WARN_DOCUMENTATION_COMMENTS = YES;
				CLANG_WARN_EMPTY_BODY = YES;
				CLANG_WARN_ENUM_CONVERSION = YES;
				CLANG_WARN_INFINITE_RECURSION = YES;
				CLANG_WARN_INT_CONVERSION = YES;
				CLANG_WARN_NON_LITERAL_NULL_CONVERSION = YES;
				CLANG_WARN_OBJC_IMPLICIT_RETAIN_SELF = YES;
				CLANG_WARN_OBJC_LITERAL_CONVERSION = YES;
				CLANG_WARN_OBJC_ROOT_CLASS = YES_ERROR;
				CLANG_WARN_QUOTED_INCLUDE_IN_FRAMEWORK_HEADER = YES;
				CLANG_WARN_RANGE_LOOP_ANALYSIS = YES;
				CLANG_WARN_STRICT_PROTOTYPES = YES;
				CLANG_WARN_SUSPICIOUS_MOVE = YES;
				CLANG_WARN_UNGUARDED_AVAILABILITY = YES_AGGRESSIVE;
				CLANG_WARN_UNREACHABLE_CODE = YES;
				CLANG_WARN__DUPLICATE_METHOD_MATCH = YES;
				COPY_PHASE_STRIP = NO;
				DEBUG_INFORMATION_FORMAT = dwarf;
				ENABLE_STRICT_OBJC_MSGSEND = YES;
				ENABLE_TESTABILITY = YES;
				ENABLE_USER_SCRIPT_SANDBOXING = NO;
				GCC_C_LANGUAGE_STANDARD = gnu17;
				GCC_DYNAMIC_NO_PIC = NO;
				GCC_NO_COMMON_BLOCKS = YES;
				GCC_OPTIMIZATION_LEVEL = 0;
				GCC_PREPROCESSOR_DEFINITIONS = (
					"DEBUG=1",
					"$(inherited)",
				);
				GCC_WARN_64_TO_32_BIT_CONVERSION = YES;
				GCC_WARN_ABOUT_RETURN_TYPE = YES_ERROR;
				GCC_WARN_UNDECLARED_SELECTOR = YES;
				GCC_WARN_UNINITIALIZED_AUTOS = YES_AGGRESSIVE;
				GCC_WARN_UNUSED_FUNCTION = YES;
				GCC_WARN_UNUSED_VARIABLE = YES;
				IPHONEOS_DEPLOYMENT_TARGET = 17.0;
				LOCALIZATION_PREFERS_STRING_CATALOGS = YES;
				MTL_ENABLE_DEBUG_INFO = INCLUDE_SOURCE;
				MTL_FAST_MATH = YES;
				ONLY_ACTIVE_ARCH = YES;
				SDKROOT = iphoneos;
				SWIFT_ACTIVE_COMPILATION_CONDITIONS = "DEBUG $(inherited)";
				SWIFT_OPTIMIZATION_LEVEL = "-Onone";
			};
			name = Debug;
		};
		8E7C0C792B56C61700192400 /* Release */ = {
			isa = XCBuildConfiguration;
			buildSettings = {
				ALWAYS_SEARCH_USER_PATHS = NO;
				ASSETCATALOG_COMPILER_GENERATE_SWIFT_ASSET_SYMBOL_EXTENSIONS = YES;
				CLANG_ANALYZER_NONNULL = YES;
				CLANG_ANALYZER_NUMBER_OBJECT_CONVERSION = YES_AGGRESSIVE;
				CLANG_CXX_LANGUAGE_STANDARD = "gnu++20";
				CLANG_ENABLE_MODULES = YES;
				CLANG_ENABLE_OBJC_ARC = YES;
				CLANG_ENABLE_OBJC_WEAK = YES;
				CLANG_WARN_BLOCK_CAPTURE_AUTORELEASING = YES;
				CLANG_WARN_BOOL_CONVERSION = YES;
				CLANG_WARN_COMMA = YES;
				CLANG_WARN_CONSTANT_CONVERSION = YES;
				CLANG_WARN_DEPRECATED_OBJC_IMPLEMENTATIONS = YES;
				CLANG_WARN_DIRECT_OBJC_ISA_USAGE = YES_ERROR;
				CLANG_WARN_DOCUMENTATION_COMMENTS = YES;
				CLANG_WARN_EMPTY_BODY = YES;
				CLANG_WARN_ENUM_CONVERSION = YES;
				CLANG_WARN_INFINITE_RECURSION = YES;
				CLANG_WARN_INT_CONVERSION = YES;
				CLANG_WARN_NON_LITERAL_NULL_CONVERSION = YES;
				CLANG_WARN_OBJC_IMPLICIT_RETAIN_SELF = YES;
				CLANG_WARN_OBJC_LITERAL_CONVERSION = YES;
				CLANG_WARN_OBJC_ROOT_CLASS = YES_ERROR;
				CLANG_WARN_QUOTED_INCLUDE_IN_FRAMEWORK_HEADER = YES;
				CLANG_WARN_RANGE_LOOP_ANALYSIS = YES;
				CLANG_WARN_STRICT_PROTOTYPES = YES;
				CLANG_WARN_SUSPICIOUS_MOVE = YES;
				CLANG_WARN_UNGUARDED_AVAILABILITY = YES_AGGRESSIVE;
				CLANG_WARN_UNREACHABLE_CODE = YES;
				CLANG_WARN__DUPLICATE_METHOD_MATCH = YES;
				COPY_PHASE_STRIP = NO;
				DEBUG_INFORMATION_FORMAT = "dwarf-with-dsym";
				ENABLE_NS_ASSERTIONS = NO;
				ENABLE_STRICT_OBJC_MSGSEND = YES;
				ENABLE_USER_SCRIPT_SANDBOXING = NO;
				GCC_C_LANGUAGE_STANDARD = gnu17;
				GCC_NO_COMMON_BLOCKS = YES;
				GCC_WARN_64_TO_32_BIT_CONVERSION = YES;
				GCC_WARN_ABOUT_RETURN_TYPE = YES_ERROR;
				GCC_WARN_UNDECLARED_SELECTOR = YES;
				GCC_WARN_UNINITIALIZED_AUTOS = YES_AGGRESSIVE;
				GCC_WARN_UNUSED_FUNCTION = YES;
				GCC_WARN_UNUSED_VARIABLE = YES;
				IPHONEOS_DEPLOYMENT_TARGET = 17.0;
				LOCALIZATION_PREFERS_STRING_CATALOGS = YES;
				MTL_ENABLE_DEBUG_INFO = NO;
				MTL_FAST_MATH = YES;
				SDKROOT = iphoneos;
				SWIFT_COMPILATION_MODE = wholemodule;
				VALIDATE_PRODUCT = YES;
			};
			name = Release;
		};
		8E7C0C7B2B56C61700192400 /* Debug */ = {
			isa = XCBuildConfiguration;
			baseConfigurationReference = 5F25FF447685F9534617488E /* Pods-dependency-injection-swift.debug.xcconfig */;
			buildSettings = {
				ASSETCATALOG_COMPILER_APPICON_NAME = AppIcon;
				ASSETCATALOG_COMPILER_GLOBAL_ACCENT_COLOR_NAME = AccentColor;
				CODE_SIGN_STYLE = Automatic;
				CURRENT_PROJECT_VERSION = 1;
				DEVELOPMENT_TEAM = NAWQW8Z3HP;
				GENERATE_INFOPLIST_FILE = YES;
				INFOPLIST_FILE = "dependency-injection-swift/Info.plist";
				INFOPLIST_KEY_UIApplicationSupportsIndirectInputEvents = YES;
				INFOPLIST_KEY_UILaunchStoryboardName = LaunchScreen;
				INFOPLIST_KEY_UIMainStoryboardFile = "";
				INFOPLIST_KEY_UISupportedInterfaceOrientations_iPad = "UIInterfaceOrientationPortrait UIInterfaceOrientationPortraitUpsideDown UIInterfaceOrientationLandscapeLeft UIInterfaceOrientationLandscapeRight";
				INFOPLIST_KEY_UISupportedInterfaceOrientations_iPhone = "UIInterfaceOrientationPortrait UIInterfaceOrientationLandscapeLeft UIInterfaceOrientationLandscapeRight";
				LD_RUNPATH_SEARCH_PATHS = (
					"$(inherited)",
					"@executable_path/Frameworks",
				);
				MARKETING_VERSION = 1.0;
				PRODUCT_BUNDLE_IDENTIFIER = "leklek.dependency-injection-swift";
				PRODUCT_NAME = "$(TARGET_NAME)";
				SWIFT_EMIT_LOC_STRINGS = YES;
				SWIFT_VERSION = 5.0;
				TARGETED_DEVICE_FAMILY = "1,2";
			};
			name = Debug;
		};
		8E7C0C7C2B56C61700192400 /* Release */ = {
			isa = XCBuildConfiguration;
			baseConfigurationReference = ABB54EDC46BFF0F7859B3DD8 /* Pods-dependency-injection-swift.release.xcconfig */;
			buildSettings = {
				ASSETCATALOG_COMPILER_APPICON_NAME = AppIcon;
				ASSETCATALOG_COMPILER_GLOBAL_ACCENT_COLOR_NAME = AccentColor;
				CODE_SIGN_STYLE = Automatic;
				CURRENT_PROJECT_VERSION = 1;
				DEVELOPMENT_TEAM = NAWQW8Z3HP;
				GENERATE_INFOPLIST_FILE = YES;
				INFOPLIST_FILE = "dependency-injection-swift/Info.plist";
				INFOPLIST_KEY_UIApplicationSupportsIndirectInputEvents = YES;
				INFOPLIST_KEY_UILaunchStoryboardName = LaunchScreen;
				INFOPLIST_KEY_UIMainStoryboardFile = "";
				INFOPLIST_KEY_UISupportedInterfaceOrientations_iPad = "UIInterfaceOrientationPortrait UIInterfaceOrientationPortraitUpsideDown UIInterfaceOrientationLandscapeLeft UIInterfaceOrientationLandscapeRight";
				INFOPLIST_KEY_UISupportedInterfaceOrientations_iPhone = "UIInterfaceOrientationPortrait UIInterfaceOrientationLandscapeLeft UIInterfaceOrientationLandscapeRight";
				LD_RUNPATH_SEARCH_PATHS = (
					"$(inherited)",
					"@executable_path/Frameworks",
				);
				MARKETING_VERSION = 1.0;
				PRODUCT_BUNDLE_IDENTIFIER = "leklek.dependency-injection-swift";
				PRODUCT_NAME = "$(TARGET_NAME)";
				SWIFT_EMIT_LOC_STRINGS = YES;
				SWIFT_VERSION = 5.0;
				TARGETED_DEVICE_FAMILY = "1,2";
			};
			name = Release;
		};
/* End XCBuildConfiguration section */

/* Begin XCConfigurationList section */
		8E7C0C612B56C61500192400 /* Build configuration list for PBXProject "dependency-injection-swift" */ = {
			isa = XCConfigurationList;
			buildConfigurations = (
				8E7C0C782B56C61700192400 /* Debug */,
				8E7C0C792B56C61700192400 /* Release */,
			);
			defaultConfigurationIsVisible = 0;
			defaultConfigurationName = Release;
		};
		8E7C0C7A2B56C61700192400 /* Build configuration list for PBXNativeTarget "dependency-injection-swift" */ = {
			isa = XCConfigurationList;
			buildConfigurations = (
				8E7C0C7B2B56C61700192400 /* Debug */,
				8E7C0C7C2B56C61700192400 /* Release */,
			);
			defaultConfigurationIsVisible = 0;
			defaultConfigurationName = Release;
		};
/* End XCConfigurationList section */
	};
	rootObject = 8E7C0C5E2B56C61500192400 /* Project object */;
}
